
Microsoft Visual Studio Solution File, Format Version 12.00
# Visual Studio Version 16
VisualStudioVersion = 16.0.30517.126
MinimumVisualStudioVersion = 10.0.40219.1
Project("{FAE04EC0-301F-11D3-BF4B-00C04F79EFBC}") = "1714tfellerex2f", "1714tfellerex2f\1714tfellerex2f.csproj", "{1E7D6F0B-C7A8-4D43-85BB-2FDF0F62946B}"
EndProject
Project("{FAE04EC0-301F-11D3-BF4B-00C04F79EFBC}") = "1714tfellerex2g", "1714tfellerex2g\1714tfellerex2g.csproj", "{B4BC9252-5195-4310-9962-C0599FFFF940}"
EndProject
Project("{FAE04EC0-301F-11D3-BF4B-00C04F79EFBC}") = "1714tfellerex2h", "1714tfeller2h\1714tfellerex2h.csproj", "{EF14FC96-53B8-4559-9F82-49A1172923C6}"
EndProject
Project("{FAE04EC0-301F-11D3-BF4B-00C04F79EFBC}") = "1714tfellerex3a", "1714tfellerex3a\1714tfellerex3a.csproj", "{606BA48A-E729-42B9-8A27-5D2826D6048F}"
EndProject
Project("{FAE04EC0-301F-11D3-BF4B-00C04F79EFBC}") = "1714tfellerex3b", "1714tfellerex3b\1714tfellerex3b.csproj", "{F21D03BC-8A91-4911-88C4-A89DF9C37441}"
EndProject
Project("{FAE04EC0-301F-11D3-BF4B-00C04F79EFBC}") = "174tfellerex3b2", "174tfellerex3b2\174tfellerex3b2.csproj", "{B92A79DB-212A-4AD3-8539-EFD33D79CECF}"
EndProject
Global
	GlobalSection(SolutionConfigurationPlatforms) = preSolution
		Debug|Any CPU = Debug|Any CPU
		Release|Any CPU = Release|Any CPU
	EndGlobalSection
	GlobalSection(ProjectConfigurationPlatforms) = postSolution
		{1E7D6F0B-C7A8-4D43-85BB-2FDF0F62946B}.Debug|Any CPU.ActiveCfg = Debug|Any CPU
		{1E7D6F0B-C7A8-4D43-85BB-2FDF0F62946B}.Debug|Any CPU.Build.0 = Debug|Any CPU
		{1E7D6F0B-C7A8-4D43-85BB-2FDF0F62946B}.Release|Any CPU.ActiveCfg = Release|Any CPU
		{1E7D6F0B-C7A8-4D43-85BB-2FDF0F62946B}.Release|Any CPU.Build.0 = Release|Any CPU
		{B4BC9252-5195-4310-9962-C0599FFFF940}.Debug|Any CPU.ActiveCfg = Debug|Any CPU
		{B4BC9252-5195-4310-9962-C0599FFFF940}.Debug|Any CPU.Build.0 = Debug|Any CPU
		{B4BC9252-5195-4310-9962-C0599FFFF940}.Release|Any CPU.ActiveCfg = Release|Any CPU
		{B4BC9252-5195-4310-9962-C0599FFFF940}.Release|Any CPU.Build.0 = Release|Any CPU
		{EF14FC96-53B8-4559-9F82-49A1172923C6}.Debug|Any CPU.ActiveCfg = Debug|Any CPU
		{EF14FC96-53B8-4559-9F82-49A1172923C6}.Debug|Any CPU.Build.0 = Debug|Any CPU
		{EF14FC96-53B8-4559-9F82-49A1172923C6}.Release|Any CPU.ActiveCfg = Release|Any CPU
		{EF14FC96-53B8-4559-9F82-49A1172923C6}.Release|Any CPU.Build.0 = Release|Any CPU
		{606BA48A-E729-42B9-8A27-5D2826D6048F}.Debug|Any CPU.ActiveCfg = Debug|Any CPU
		{606BA48A-E729-42B9-8A27-5D2826D6048F}.Debug|Any CPU.Build.0 = Debug|Any CPU
		{606BA48A-E729-42B9-8A27-5D2826D6048F}.Release|Any CPU.ActiveCfg = Release|Any CPU
		{606BA48A-E729-42B9-8A27-5D2826D6048F}.Release|Any CPU.Build.0 = Release|Any CPU
		{F21D03BC-8A91-4911-88C4-A89DF9C37441}.Debug|Any CPU.ActiveCfg = Debug|Any CPU
		{F21D03BC-8A91-4911-88C4-A89DF9C37441}.Debug|Any CPU.Build.0 = Debug|Any CPU
		{F21D03BC-8A91-4911-88C4-A89DF9C37441}.Release|Any CPU.ActiveCfg = Release|Any CPU
		{F21D03BC-8A91-4911-88C4-A89DF9C37441}.Release|Any CPU.Build.0 = Release|Any CPU
		{B92A79DB-212A-4AD3-8539-EFD33D79CECF}.Debug|Any CPU.ActiveCfg = Debug|Any CPU
		{B92A79DB-212A-4AD3-8539-EFD33D79CECF}.Debug|Any CPU.Build.0 = Debug|Any CPU
		{B92A79DB-212A-4AD3-8539-EFD33D79CECF}.Release|Any CPU.ActiveCfg = Release|Any CPU
		{B92A79DB-212A-4AD3-8539-EFD33D79CECF}.Release|Any CPU.Build.0 = Release|Any CPU
	EndGlobalSection
	GlobalSection(SolutionProperties) = preSolution
		HideSolutionNode = FALSE
	EndGlobalSection
	GlobalSection(ExtensibilityGlobals) = postSolution
		SolutionGuid = {F2506EA4-1514-481E-840C-30FD4C590137}
	EndGlobalSection
EndGlobal
